
Microsoft Visual Studio Solution File, Format Version 12.00
# Visual Studio Version 16
VisualStudioVersion = 16.0.29215.179
MinimumVisualStudioVersion = 10.0.40219.1
Project("{9A19103F-16F7-4668-BE54-9A1E7A4F7556}") = "Otc.AspNetCore.MvcBoot", "Otc.AspNetCore.MvcBoot\Otc.AspNetCore.MvcBoot.csproj", "{7AF7575F-5FAE-4E07-B646-99C374C83D8B}"
EndProject
Global
	GlobalSection(SolutionConfigurationPlatforms) = preSolution
		Debug|Any CPU = Debug|Any CPU
		Release|Any CPU = Release|Any CPU
	EndGlobalSection
	GlobalSection(ProjectConfigurationPlatforms) = postSolution
		{7AF7575F-5FAE-4E07-B646-99C374C83D8B}.Debug|Any CPU.ActiveCfg = Debug|Any CPU
		{7AF7575F-5FAE-4E07-B646-99C374C83D8B}.Debug|Any CPU.Build.0 = Debug|Any CPU
		{7AF7575F-5FAE-4E07-B646-99C374C83D8B}.Release|Any CPU.ActiveCfg = Release|Any CPU
		{7AF7575F-5FAE-4E07-B646-99C374C83D8B}.Release|Any CPU.Build.0 = Release|Any CPU
	EndGlobalSection
	GlobalSection(SolutionProperties) = preSolution
		HideSolutionNode = FALSE
	EndGlobalSection
	GlobalSection(ExtensibilityGlobals) = postSolution
		SolutionGuid = {CC32039D-C925-4B8A-B010-B57F3C427D5B}
	EndGlobalSection
EndGlobal
